schema: '2.0'
stages:
  train:
    cmd: python3 src/train.py
    deps:
    - path: data
      md5: 687552951726b99c2eee15d29b4ccf0e.dir
      size: 17397976
      nfiles: 3
    - path: src
      md5: 62f20f625cc3c6865929f6d500d1a86b.dir
      size: 13828
      nfiles: 4
    params:
      params.yaml:
        model:
          conv_units: 256
        train:
          epochs: 10
    outs:
    - path: dvclive/metrics.json
      md5: d7a85e75eef18130eec615b3c8837aba
      size: 201
    - path: dvclive/plots
      md5: 1ca61ba2d8ec0eaaf344be5bbf5759e3.dir
      size: 919
      nfiles: 4
    - path: models
      md5: da02ec658c675364250e56fd007e3dd8.dir
      size: 66537544
      nfiles: 1
    - path: plots
      md5: 6c4489677aefd6554ae7ad149dc9110c.dir
      size: 72020
      nfiles: 2
